// !$*UTF8*$!
{
	archiveVersion = 1;
	classes = {
	};
	objectVersion = 46;
	objects = {

/* Begin PBXBuildFile section */
		6817CBFD18422A9E00849768 /* GridMap.m in Sources */ = {isa = PBXBuildFile; fileRef = 6817CBFC18422A9E00849768 /* GridMap.m */; };
		6817CC0018422F6A00849768 /* GridCell.m in Sources */ = {isa = PBXBuildFile; fileRef = 6817CBFF18422F6A00849768 /* GridCell.m */; };
		6817CC021842882600849768 /* GridMapTests.m in Sources */ = {isa = PBXBuildFile; fileRef = 6817CC011842882600849768 /* GridMapTests.m */; };
		6817CC041842890A00849768 /* GridCellTests.m in Sources */ = {isa = PBXBuildFile; fileRef = 6817CC031842890A00849768 /* GridCellTests.m */; };
		6817CC071842A35E00849768 /* PathfindingSystem.m in Sources */ = {isa = PBXBuildFile; fileRef = 6817CC061842A35E00849768 /* PathfindingSystem.m */; };
		6817CC091842B2AB00849768 /* PathfindingSystemTests.m in Sources */ = {isa = PBXBuildFile; fileRef = 6817CC081842B2AB00849768 /* PathfindingSystemTests.m */; };
		6817CC0C1844E38000849768 /* ZombieAIIdle.m in Sources */ = {isa = PBXBuildFile; fileRef = 6817CC0B1844E38000849768 /* ZombieAIIdle.m */; };
		6817CC0F18461F8E00849768 /* ZombieAIRun.m in Sources */ = {isa = PBXBuildFile; fileRef = 6817CC0E18461F8E00849768 /* ZombieAIRun.m */; };
		6817CC12184623DC00849768 /* ZombieAISprint.m in Sources */ = {isa = PBXBuildFile; fileRef = 6817CC11184623DC00849768 /* ZombieAISprint.m */; };
		6877AD06182C0F5F003E828C /* ZombieAIRoam.m in Sources */ = {isa = PBXBuildFile; fileRef = 6877AD05182C0F5F003E828C /* ZombieAIRoam.m */; };
		6877AD0C182C1809003E828C /* NSString+stringFromTimeInterval.m in Sources */ = {isa = PBXBuildFile; fileRef = 6877AD0B182C1809003E828C /* NSString+stringFromTimeInterval.m */; };
		6877AD0F182C6901003E828C /* MathUtilities.m in Sources */ = {isa = PBXBuildFile; fileRef = 6877AD0E182C6901003E828C /* MathUtilities.m */; };
		68926BBC1827ADAF00571313 /* EngineTimer.m in Sources */ = {isa = PBXBuildFile; fileRef = 68926BBB1827ADAF00571313 /* EngineTimer.m */; };
		68926BBF1827B3BF00571313 /* Zombie.m in Sources */ = {isa = PBXBuildFile; fileRef = 68926BBE1827B3BF00571313 /* Zombie.m */; };
		D8340EFB180D4955004B6679 /* Foundation.framework in Frameworks */ = {isa = PBXBuildFile; fileRef = D8340EFA180D4955004B6679 /* Foundation.framework */; };
		D8340EFD180D4955004B6679 /* CoreGraphics.framework in Frameworks */ = {isa = PBXBuildFile; fileRef = D8340EFC180D4955004B6679 /* CoreGraphics.framework */; };
		D8340EFF180D4955004B6679 /* UIKit.framework in Frameworks */ = {isa = PBXBuildFile; fileRef = D8340EFE180D4955004B6679 /* UIKit.framework */; };
		D8340F05180D4955004B6679 /* InfoPlist.strings in Resources */ = {isa = PBXBuildFile; fileRef = D8340F03180D4955004B6679 /* InfoPlist.strings */; };
		D8340F07180D4955004B6679 /* main.m in Sources */ = {isa = PBXBuildFile; fileRef = D8340F06180D4955004B6679 /* main.m */; };
		D8340F0B180D4955004B6679 /* AppDelegate.m in Sources */ = {isa = PBXBuildFile; fileRef = D8340F0A180D4955004B6679 /* AppDelegate.m */; };
		D8340F0E180D4955004B6679 /* Main.storyboard in Resources */ = {isa = PBXBuildFile; fileRef = D8340F0C180D4955004B6679 /* Main.storyboard */; };
		D8340F13180D4955004B6679 /* Images.xcassets in Resources */ = {isa = PBXBuildFile; fileRef = D8340F12180D4955004B6679 /* Images.xcassets */; };
		D8340F1A180D4955004B6679 /* XCTest.framework in Frameworks */ = {isa = PBXBuildFile; fileRef = D8340F19180D4955004B6679 /* XCTest.framework */; };
		D8340F1B180D4955004B6679 /* Foundation.framework in Frameworks */ = {isa = PBXBuildFile; fileRef = D8340EFA180D4955004B6679 /* Foundation.framework */; };
		D8340F1C180D4955004B6679 /* UIKit.framework in Frameworks */ = {isa = PBXBuildFile; fileRef = D8340EFE180D4955004B6679 /* UIKit.framework */; };
		D8340F24180D4955004B6679 /* InfoPlist.strings in Resources */ = {isa = PBXBuildFile; fileRef = D8340F22180D4955004B6679 /* InfoPlist.strings */; };
		D8340F26180D4955004B6679 /* Zombie_AppTests.m in Sources */ = {isa = PBXBuildFile; fileRef = D8340F25180D4955004B6679 /* Zombie_AppTests.m */; };
		D849E3EC1857CA52003C4377 /* Los.m in Sources */ = {isa = PBXBuildFile; fileRef = D849E3EB1857CA52003C4377 /* Los.m */; };
		D884F3E3180D4ABC00DC077A /* MapViewController.m in Sources */ = {isa = PBXBuildFile; fileRef = D884F3E1180D4ABC00DC077A /* MapViewController.m */; };
		D884F3E9180D533500DC077A /* User.m in Sources */ = {isa = PBXBuildFile; fileRef = D884F3E8180D533500DC077A /* User.m */; };
		D884F3EC180D537700DC077A /* GameController.m in Sources */ = {isa = PBXBuildFile; fileRef = D884F3EB180D537700DC077A /* GameController.m */; };
		D88DF1541844D2CA00F711C4 /* oldTable.csv in Resources */ = {isa = PBXBuildFile; fileRef = D88DF1531844D2CA00F711C4 /* oldTable.csv */; };
		D88DF1571844D2E000F711C4 /* Strategy.m in Sources */ = {isa = PBXBuildFile; fileRef = D88DF1561844D2E000F711C4 /* Strategy.m */; };
		D88DF1591844D61000F711C4 /* Strategy_Test.m in Sources */ = {isa = PBXBuildFile; fileRef = D88DF1581844D61000F711C4 /* Strategy_Test.m */; };
		D89E3D941854E42D00DDC20B /* table.csv in Resources */ = {isa = PBXBuildFile; fileRef = D89E3D931854E42D00DDC20B /* table.csv */; };
		D8A9C442181017F10056698F /* StatsViewController.m in Sources */ = {isa = PBXBuildFile; fileRef = D8A9C441181017F10056698F /* StatsViewController.m */; };
/* End PBXBuildFile section */

/* Begin PBXContainerItemProxy section */
		D8340F1D180D4955004B6679 /* PBXContainerItemProxy */ = {
			isa = PBXContainerItemProxy;
			containerPortal = D8340EEF180D4955004B6679 /* Project object */;
			proxyType = 1;
			remoteGlobalIDString = D8340EF6180D4955004B6679;
			remoteInfo = "Zombie App";
		};
/* End PBXContainerItemProxy section */

/* Begin PBXFileReference section */
		6817CBFB18422A9E00849768 /* GridMap.h */ = {isa = PBXFileReference; fileEncoding = 4; lastKnownFileType = sourcecode.c.h; path = GridMap.h; sourceTree = "<group>"; };
		6817CBFC18422A9E00849768 /* GridMap.m */ = {isa = PBXFileReference; fileEncoding = 4; lastKnownFileType = sourcecode.c.objc; path = GridMap.m; sourceTree = "<group>"; };
		6817CBFE18422F6A00849768 /* GridCell.h */ = {isa = PBXFileReference; fileEncoding = 4; lastKnownFileType = sourcecode.c.h; path = GridCell.h; sourceTree = "<group>"; };
		6817CBFF18422F6A00849768 /* GridCell.m */ = {isa = PBXFileReference; fileEncoding = 4; lastKnownFileType = sourcecode.c.objc; path = GridCell.m; sourceTree = "<group>"; };
		6817CC011842882600849768 /* GridMapTests.m */ = {isa = PBXFileReference; fileEncoding = 4; lastKnownFileType = sourcecode.c.objc; path = GridMapTests.m; sourceTree = "<group>"; };
		6817CC031842890A00849768 /* GridCellTests.m */ = {isa = PBXFileReference; fileEncoding = 4; lastKnownFileType = sourcecode.c.objc; path = GridCellTests.m; sourceTree = "<group>"; };
		6817CC051842A35E00849768 /* PathfindingSystem.h */ = {isa = PBXFileReference; fileEncoding = 4; lastKnownFileType = sourcecode.c.h; path = PathfindingSystem.h; sourceTree = "<group>"; };
		6817CC061842A35E00849768 /* PathfindingSystem.m */ = {isa = PBXFileReference; fileEncoding = 4; lastKnownFileType = sourcecode.c.objc; path = PathfindingSystem.m; sourceTree = "<group>"; };
		6817CC081842B2AB00849768 /* PathfindingSystemTests.m */ = {isa = PBXFileReference; fileEncoding = 4; lastKnownFileType = sourcecode.c.objc; path = PathfindingSystemTests.m; sourceTree = "<group>"; };
		6817CC0A1844E38000849768 /* ZombieAIIdle.h */ = {isa = PBXFileReference; fileEncoding = 4; lastKnownFileType = sourcecode.c.h; path = ZombieAIIdle.h; sourceTree = "<group>"; };
		6817CC0B1844E38000849768 /* ZombieAIIdle.m */ = {isa = PBXFileReference; fileEncoding = 4; lastKnownFileType = sourcecode.c.objc; path = ZombieAIIdle.m; sourceTree = "<group>"; };
		6817CC0D18461F8E00849768 /* ZombieAIRun.h */ = {isa = PBXFileReference; fileEncoding = 4; lastKnownFileType = sourcecode.c.h; path = ZombieAIRun.h; sourceTree = "<group>"; };
		6817CC0E18461F8E00849768 /* ZombieAIRun.m */ = {isa = PBXFileReference; fileEncoding = 4; lastKnownFileType = sourcecode.c.objc; path = ZombieAIRun.m; sourceTree = "<group>"; };
		6817CC10184623DC00849768 /* ZombieAISprint.h */ = {isa = PBXFileReference; fileEncoding = 4; lastKnownFileType = sourcecode.c.h; path = ZombieAISprint.h; sourceTree = "<group>"; };
		6817CC11184623DC00849768 /* ZombieAISprint.m */ = {isa = PBXFileReference; fileEncoding = 4; lastKnownFileType = sourcecode.c.objc; path = ZombieAISprint.m; sourceTree = "<group>"; };
		6877AD03182C0D28003E828C /* ZombieAIState.h */ = {isa = PBXFileReference; lastKnownFileType = sourcecode.c.h; path = ZombieAIState.h; sourceTree = "<group>"; };
		6877AD04182C0F5F003E828C /* ZombieAIRoam.h */ = {isa = PBXFileReference; fileEncoding = 4; lastKnownFileType = sourcecode.c.h; path = ZombieAIRoam.h; sourceTree = "<group>"; };
		6877AD05182C0F5F003E828C /* ZombieAIRoam.m */ = {isa = PBXFileReference; fileEncoding = 4; lastKnownFileType = sourcecode.c.objc; path = ZombieAIRoam.m; sourceTree = "<group>"; };
		6877AD0A182C1809003E828C /* NSString+stringFromTimeInterval.h */ = {isa = PBXFileReference; fileEncoding = 4; lastKnownFileType = sourcecode.c.h; path = "NSString+stringFromTimeInterval.h"; sourceTree = "<group>"; };
		6877AD0B182C1809003E828C /* NSString+stringFromTimeInterval.m */ = {isa = PBXFileReference; fileEncoding = 4; lastKnownFileType = sourcecode.c.objc; path = "NSString+stringFromTimeInterval.m"; sourceTree = "<group>"; };
		6877AD0D182C6901003E828C /* MathUtilities.h */ = {isa = PBXFileReference; fileEncoding = 4; lastKnownFileType = sourcecode.c.h; path = MathUtilities.h; sourceTree = "<group>"; };
		6877AD0E182C6901003E828C /* MathUtilities.m */ = {isa = PBXFileReference; fileEncoding = 4; lastKnownFileType = sourcecode.c.objc; path = MathUtilities.m; sourceTree = "<group>"; };
		68926BBA1827ADAF00571313 /* EngineTimer.h */ = {isa = PBXFileReference; fileEncoding = 4; lastKnownFileType = sourcecode.c.h; path = EngineTimer.h; sourceTree = "<group>"; };
		68926BBB1827ADAF00571313 /* EngineTimer.m */ = {isa = PBXFileReference; fileEncoding = 4; lastKnownFileType = sourcecode.c.objc; path = EngineTimer.m; sourceTree = "<group>"; };
		68926BBD1827B3BF00571313 /* Zombie.h */ = {isa = PBXFileReference; fileEncoding = 4; lastKnownFileType = sourcecode.c.h; path = Zombie.h; sourceTree = "<group>"; };
		68926BBE1827B3BF00571313 /* Zombie.m */ = {isa = PBXFileReference; fileEncoding = 4; lastKnownFileType = sourcecode.c.objc; path = Zombie.m; sourceTree = "<group>"; };
		D8340EF7180D4955004B6679 /* Zombie App.app */ = {isa = PBXFileReference; explicitFileType = wrapper.application; includeInIndex = 0; path = "Zombie App.app"; sourceTree = BUILT_PRODUCTS_DIR; };
		D8340EFA180D4955004B6679 /* Foundation.framework */ = {isa = PBXFileReference; lastKnownFileType = wrapper.framework; name = Foundation.framework; path = System/Library/Frameworks/Foundation.framework; sourceTree = SDKROOT; };
		D8340EFC180D4955004B6679 /* CoreGraphics.framework */ = {isa = PBXFileReference; lastKnownFileType = wrapper.framework; name = CoreGraphics.framework; path = System/Library/Frameworks/CoreGraphics.framework; sourceTree = SDKROOT; };
		D8340EFE180D4955004B6679 /* UIKit.framework */ = {isa = PBXFileReference; lastKnownFileType = wrapper.framework; name = UIKit.framework; path = System/Library/Frameworks/UIKit.framework; sourceTree = SDKROOT; };
		D8340F02180D4955004B6679 /* Zombie App-Info.plist */ = {isa = PBXFileReference; lastKnownFileType = text.plist.xml; path = "Zombie App-Info.plist"; sourceTree = "<group>"; };
		D8340F04180D4955004B6679 /* en */ = {isa = PBXFileReference; lastKnownFileType = text.plist.strings; name = en; path = en.lproj/InfoPlist.strings; sourceTree = "<group>"; };
		D8340F06180D4955004B6679 /* main.m */ = {isa = PBXFileReference; lastKnownFileType = sourcecode.c.objc; path = main.m; sourceTree = "<group>"; };
		D8340F08180D4955004B6679 /* Zombie App-Prefix.pch */ = {isa = PBXFileReference; lastKnownFileType = sourcecode.c.h; path = "Zombie App-Prefix.pch"; sourceTree = "<group>"; };
		D8340F09180D4955004B6679 /* AppDelegate.h */ = {isa = PBXFileReference; lastKnownFileType = sourcecode.c.h; path = AppDelegate.h; sourceTree = "<group>"; };
		D8340F0A180D4955004B6679 /* AppDelegate.m */ = {isa = PBXFileReference; lastKnownFileType = sourcecode.c.objc; path = AppDelegate.m; sourceTree = "<group>"; };
		D8340F0D180D4955004B6679 /* Base */ = {isa = PBXFileReference; lastKnownFileType = file.storyboard; name = Base; path = Base.lproj/Main.storyboard; sourceTree = "<group>"; };
		D8340F12180D4955004B6679 /* Images.xcassets */ = {isa = PBXFileReference; lastKnownFileType = folder.assetcatalog; path = Images.xcassets; sourceTree = "<group>"; };
		D8340F18180D4955004B6679 /* Zombie AppTests.xctest */ = {isa = PBXFileReference; explicitFileType = wrapper.cfbundle; includeInIndex = 0; path = "Zombie AppTests.xctest"; sourceTree = BUILT_PRODUCTS_DIR; };
		D8340F19180D4955004B6679 /* XCTest.framework */ = {isa = PBXFileReference; lastKnownFileType = wrapper.framework; name = XCTest.framework; path = Library/Frameworks/XCTest.framework; sourceTree = DEVELOPER_DIR; };
		D8340F21180D4955004B6679 /* Zombie AppTests-Info.plist */ = {isa = PBXFileReference; lastKnownFileType = text.plist.xml; path = "Zombie AppTests-Info.plist"; sourceTree = "<group>"; };
		D8340F23180D4955004B6679 /* en */ = {isa = PBXFileReference; lastKnownFileType = text.plist.strings; name = en; path = en.lproj/InfoPlist.strings; sourceTree = "<group>"; };
		D8340F25180D4955004B6679 /* Zombie_AppTests.m */ = {isa = PBXFileReference; lastKnownFileType = sourcecode.c.objc; path = Zombie_AppTests.m; sourceTree = "<group>"; };
		D849E3EA1857CA52003C4377 /* Los.h */ = {isa = PBXFileReference; fileEncoding = 4; lastKnownFileType = sourcecode.c.h; path = Los.h; sourceTree = "<group>"; };
		D849E3EB1857CA52003C4377 /* Los.m */ = {isa = PBXFileReference; fileEncoding = 4; lastKnownFileType = sourcecode.c.objc; path = Los.m; sourceTree = "<group>"; };
		D873695618536529006EECFE /* GameEnvironment.h */ = {isa = PBXFileReference; lastKnownFileType = sourcecode.c.h; path = GameEnvironment.h; sourceTree = "<group>"; };
		D873695718538243006EECFE /* PerceptConstants.h */ = {isa = PBXFileReference; lastKnownFileType = sourcecode.c.h; path = PerceptConstants.h; sourceTree = "<group>"; };
		D884F3E0180D4ABC00DC077A /* MapViewController.h */ = {isa = PBXFileReference; fileEncoding = 4; lastKnownFileType = sourcecode.c.h; name = MapViewController.h; path = "Zombie App/MapViewController.h"; sourceTree = "<group>"; };
		D884F3E1180D4ABC00DC077A /* MapViewController.m */ = {isa = PBXFileReference; fileEncoding = 4; lastKnownFileType = sourcecode.c.objc; name = MapViewController.m; path = "Zombie App/MapViewController.m"; sourceTree = "<group>"; };
		D884F3E7180D533500DC077A /* User.h */ = {isa = PBXFileReference; fileEncoding = 4; lastKnownFileType = sourcecode.c.h; path = User.h; sourceTree = "<group>"; };
		D884F3E8180D533500DC077A /* User.m */ = {isa = PBXFileReference; fileEncoding = 4; lastKnownFileType = sourcecode.c.objc; path = User.m; sourceTree = "<group>"; };
		D884F3EA180D537700DC077A /* GameController.h */ = {isa = PBXFileReference; fileEncoding = 4; lastKnownFileType = sourcecode.c.h; path = GameController.h; sourceTree = "<group>"; };
		D884F3EB180D537700DC077A /* GameController.m */ = {isa = PBXFileReference; fileEncoding = 4; lastKnownFileType = sourcecode.c.objc; path = GameController.m; sourceTree = "<group>"; };
		D884F3EE180D73F900DC077A /* GameControllerDelegate.h */ = {isa = PBXFileReference; lastKnownFileType = sourcecode.c.h; name = GameControllerDelegate.h; path = "Zombie App/GameControllerDelegate.h"; sourceTree = "<group>"; };
		D88DF1531844D2CA00F711C4 /* oldTable.csv */ = {isa = PBXFileReference; fileEncoding = 4; lastKnownFileType = text; path = oldTable.csv; sourceTree = "<group>"; };
		D88DF1551844D2E000F711C4 /* Strategy.h */ = {isa = PBXFileReference; fileEncoding = 4; lastKnownFileType = sourcecode.c.h; path = Strategy.h; sourceTree = "<group>"; };
		D88DF1561844D2E000F711C4 /* Strategy.m */ = {isa = PBXFileReference; fileEncoding = 4; lastKnownFileType = sourcecode.c.objc; path = Strategy.m; sourceTree = "<group>"; };
		D88DF1581844D61000F711C4 /* Strategy_Test.m */ = {isa = PBXFileReference; fileEncoding = 4; lastKnownFileType = sourcecode.c.objc; name = Strategy_Test.m; path = "Zombie App/Strategy_Test.m"; sourceTree = "<group>"; };
		D89E3D931854E42D00DDC20B /* table.csv */ = {isa = PBXFileReference; fileEncoding = 4; lastKnownFileType = text; path = table.csv; sourceTree = "<group>"; };
		D8A9C440181017F10056698F /* StatsViewController.h */ = {isa = PBXFileReference; fileEncoding = 4; lastKnownFileType = sourcecode.c.h; path = StatsViewController.h; sourceTree = "<group>"; };
		D8A9C441181017F10056698F /* StatsViewController.m */ = {isa = PBXFileReference; fileEncoding = 4; lastKnownFileType = sourcecode.c.objc; path = StatsViewController.m; sourceTree = "<group>"; };
/* End PBXFileReference section */

/* Begin PBXFrameworksBuildPhase section */
		D8340EF4180D4955004B6679 /* Frameworks */ = {
			isa = PBXFrameworksBuildPhase;
			buildActionMask = 2147483647;
			files = (
				D8340EFD180D4955004B6679 /* CoreGraphics.framework in Frameworks */,
				D8340EFF180D4955004B6679 /* UIKit.framework in Frameworks */,
				D8340EFB180D4955004B6679 /* Foundation.framework in Frameworks */,
			);
			runOnlyForDeploymentPostprocessing = 0;
		};
		D8340F15180D4955004B6679 /* Frameworks */ = {
			isa = PBXFrameworksBuildPhase;
			buildActionMask = 2147483647;
			files = (
				D8340F1A180D4955004B6679 /* XCTest.framework in Frameworks */,
				D8340F1C180D4955004B6679 /* UIKit.framework in Frameworks */,
				D8340F1B180D4955004B6679 /* Foundation.framework in Frameworks */,
			);
			runOnlyForDeploymentPostprocessing = 0;
		};
/* End PBXFrameworksBuildPhase section */

/* Begin PBXGroup section */
		6817CBFA18422A8900849768 /* GridSystem */ = {
			isa = PBXGroup;
			children = (
				6817CBFB18422A9E00849768 /* GridMap.h */,
				6817CBFC18422A9E00849768 /* GridMap.m */,
				6817CBFE18422F6A00849768 /* GridCell.h */,
				6817CBFF18422F6A00849768 /* GridCell.m */,
				6817CC051842A35E00849768 /* PathfindingSystem.h */,
				6817CC061842A35E00849768 /* PathfindingSystem.m */,
				D873695618536529006EECFE /* GameEnvironment.h */,
			);
			name = GridSystem;
			sourceTree = "<group>";
		};
		6877AD07182C11EC003E828C /* ZombieAI */ = {
			isa = PBXGroup;
			children = (
				D849E3EA1857CA52003C4377 /* Los.h */,
				D849E3EB1857CA52003C4377 /* Los.m */,
				6877AD03182C0D28003E828C /* ZombieAIState.h */,
				D88DF1551844D2E000F711C4 /* Strategy.h */,
				D88DF1561844D2E000F711C4 /* Strategy.m */,
				D88DF1581844D61000F711C4 /* Strategy_Test.m */,
				6877AD04182C0F5F003E828C /* ZombieAIRoam.h */,
				6877AD05182C0F5F003E828C /* ZombieAIRoam.m */,
				6817CC0A1844E38000849768 /* ZombieAIIdle.h */,
				6817CC0B1844E38000849768 /* ZombieAIIdle.m */,
				6817CC0D18461F8E00849768 /* ZombieAIRun.h */,
				6817CC0E18461F8E00849768 /* ZombieAIRun.m */,
				6817CC10184623DC00849768 /* ZombieAISprint.h */,
				6817CC11184623DC00849768 /* ZombieAISprint.m */,
			);
			name = ZombieAI;
			sourceTree = "<group>";
		};
		6877AD08182C1205003E828C /* GameController */ = {
			isa = PBXGroup;
			children = (
				6817CBFA18422A8900849768 /* GridSystem */,
				D884F3EA180D537700DC077A /* GameController.h */,
				D884F3EB180D537700DC077A /* GameController.m */,
				D884F3EE180D73F900DC077A /* GameControllerDelegate.h */,
				68926BBA1827ADAF00571313 /* EngineTimer.h */,
				68926BBB1827ADAF00571313 /* EngineTimer.m */,
			);
			name = GameController;
			sourceTree = "<group>";
		};
		6877AD09182C1214003E828C /* GameEntities */ = {
			isa = PBXGroup;
			children = (
				6877AD07182C11EC003E828C /* ZombieAI */,
				D884F3E7180D533500DC077A /* User.h */,
				D884F3E8180D533500DC077A /* User.m */,
				68926BBD1827B3BF00571313 /* Zombie.h */,
				68926BBE1827B3BF00571313 /* Zombie.m */,
			);
			name = GameEntities;
			sourceTree = "<group>";
		};
		D8340EEE180D4955004B6679 = {
			isa = PBXGroup;
			children = (
				D873695718538243006EECFE /* PerceptConstants.h */,
				D884F3E5180D504D00DC077A /* GameLogic */,
				D884F3E4180D4FF900DC077A /* LocationComponent */,
				D8340F00180D4955004B6679 /* Zombie App */,
				D8340F1F180D4955004B6679 /* Zombie AppTests */,
				D8340EF9180D4955004B6679 /* Frameworks */,
				D8340EF8180D4955004B6679 /* Products */,
			);
			sourceTree = "<group>";
		};
		D8340EF8180D4955004B6679 /* Products */ = {
			isa = PBXGroup;
			children = (
				D8340EF7180D4955004B6679 /* Zombie App.app */,
				D8340F18180D4955004B6679 /* Zombie AppTests.xctest */,
			);
			name = Products;
			sourceTree = "<group>";
		};
		D8340EF9180D4955004B6679 /* Frameworks */ = {
			isa = PBXGroup;
			children = (
				D8340EFA180D4955004B6679 /* Foundation.framework */,
				D8340EFC180D4955004B6679 /* CoreGraphics.framework */,
				D8340EFE180D4955004B6679 /* UIKit.framework */,
				D8340F19180D4955004B6679 /* XCTest.framework */,
			);
			name = Frameworks;
			sourceTree = "<group>";
		};
		D8340F00180D4955004B6679 /* Zombie App */ = {
			isa = PBXGroup;
			children = (
				D8340F09180D4955004B6679 /* AppDelegate.h */,
				D8340F0A180D4955004B6679 /* AppDelegate.m */,
				D8340F0C180D4955004B6679 /* Main.storyboard */,
				D8A9C440181017F10056698F /* StatsViewController.h */,
				D8A9C441181017F10056698F /* StatsViewController.m */,
				D8340F12180D4955004B6679 /* Images.xcassets */,
				D8340F01180D4955004B6679 /* Supporting Files */,
				6877AD0A182C1809003E828C /* NSString+stringFromTimeInterval.h */,
				6877AD0B182C1809003E828C /* NSString+stringFromTimeInterval.m */,
			);
			path = "Zombie App";
			sourceTree = "<group>";
		};
		D8340F01180D4955004B6679 /* Supporting Files */ = {
			isa = PBXGroup;
			children = (
				D89E3D931854E42D00DDC20B /* table.csv */,
				D88DF1531844D2CA00F711C4 /* oldTable.csv */,
				D8340F02180D4955004B6679 /* Zombie App-Info.plist */,
				D8340F03180D4955004B6679 /* InfoPlist.strings */,
				D8340F06180D4955004B6679 /* main.m */,
				D8340F08180D4955004B6679 /* Zombie App-Prefix.pch */,
			);
			name = "Supporting Files";
			sourceTree = "<group>";
		};
		D8340F1F180D4955004B6679 /* Zombie AppTests */ = {
			isa = PBXGroup;
			children = (
				6817CC081842B2AB00849768 /* PathfindingSystemTests.m */,
				6817CC031842890A00849768 /* GridCellTests.m */,
				6817CC011842882600849768 /* GridMapTests.m */,
				D8340F25180D4955004B6679 /* Zombie_AppTests.m */,
				D8340F20180D4955004B6679 /* Supporting Files */,
			);
			path = "Zombie AppTests";
			sourceTree = "<group>";
		};
		D8340F20180D4955004B6679 /* Supporting Files */ = {
			isa = PBXGroup;
			children = (
				D8340F21180D4955004B6679 /* Zombie AppTests-Info.plist */,
				D8340F22180D4955004B6679 /* InfoPlist.strings */,
			);
			name = "Supporting Files";
			sourceTree = "<group>";
		};
		D884F3E4180D4FF900DC077A /* LocationComponent */ = {
			isa = PBXGroup;
			children = (
				D884F3E0180D4ABC00DC077A /* MapViewController.h */,
				D884F3E1180D4ABC00DC077A /* MapViewController.m */,
			);
			name = LocationComponent;
			sourceTree = "<group>";
		};
		D884F3E5180D504D00DC077A /* GameLogic */ = {
			isa = PBXGroup;
			children = (
				6877AD09182C1214003E828C /* GameEntities */,
				6877AD08182C1205003E828C /* GameController */,
				6877AD0D182C6901003E828C /* MathUtilities.h */,
				6877AD0E182C6901003E828C /* MathUtilities.m */,
			);
			name = GameLogic;
			sourceTree = "<group>";
		};
/* End PBXGroup section */

/* Begin PBXNativeTarget section */
		D8340EF6180D4955004B6679 /* Zombie App */ = {
			isa = PBXNativeTarget;
			buildConfigurationList = D8340F29180D4955004B6679 /* Build configuration list for PBXNativeTarget "Zombie App" */;
			buildPhases = (
				D8340EF3180D4955004B6679 /* Sources */,
				D8340EF4180D4955004B6679 /* Frameworks */,
				D8340EF5180D4955004B6679 /* Resources */,
			);
			buildRules = (
			);
			dependencies = (
			);
			name = "Zombie App";
			productName = "Zombie App";
			productReference = D8340EF7180D4955004B6679 /* Zombie App.app */;
			productType = "com.apple.product-type.application";
		};
		D8340F17180D4955004B6679 /* Zombie AppTests */ = {
			isa = PBXNativeTarget;
			buildConfigurationList = D8340F2C180D4955004B6679 /* Build configuration list for PBXNativeTarget "Zombie AppTests" */;
			buildPhases = (
				D8340F14180D4955004B6679 /* Sources */,
				D8340F15180D4955004B6679 /* Frameworks */,
				D8340F16180D4955004B6679 /* Resources */,
			);
			buildRules = (
			);
			dependencies = (
				D8340F1E180D4955004B6679 /* PBXTargetDependency */,
			);
			name = "Zombie AppTests";
			productName = "Zombie AppTests";
			productReference = D8340F18180D4955004B6679 /* Zombie AppTests.xctest */;
			productType = "com.apple.product-type.bundle.unit-test";
		};
/* End PBXNativeTarget section */

/* Begin PBXProject section */
		D8340EEF180D4955004B6679 /* Project object */ = {
			isa = PBXProject;
			attributes = {
				LastUpgradeCheck = 0500;
				ORGANIZATIONNAME = "Aalborg Universitet";
				TargetAttributes = {
					D8340F17180D4955004B6679 = {
						TestTargetID = D8340EF6180D4955004B6679;
					};
				};
			};
			buildConfigurationList = D8340EF2180D4955004B6679 /* Build configuration list for PBXProject "Zombie App" */;
			compatibilityVersion = "Xcode 3.2";
			developmentRegion = English;
			hasScannedForEncodings = 0;
			knownRegions = (
				en,
				Base,
			);
			mainGroup = D8340EEE180D4955004B6679;
			productRefGroup = D8340EF8180D4955004B6679 /* Products */;
			projectDirPath = "";
			projectRoot = "";
			targets = (
				D8340EF6180D4955004B6679 /* Zombie App */,
				D8340F17180D4955004B6679 /* Zombie AppTests */,
			);
		};
/* End PBXProject section */

/* Begin PBXResourcesBuildPhase section */
		D8340EF5180D4955004B6679 /* Resources */ = {
			isa = PBXResourcesBuildPhase;
			buildActionMask = 2147483647;
			files = (
				D8340F13180D4955004B6679 /* Images.xcassets in Resources */,
				D8340F05180D4955004B6679 /* InfoPlist.strings in Resources */,
				D8340F0E180D4955004B6679 /* Main.storyboard in Resources */,
				D89E3D941854E42D00DDC20B /* table.csv in Resources */,
				D88DF1541844D2CA00F711C4 /* oldTable.csv in Resources */,
			);
			runOnlyForDeploymentPostprocessing = 0;
		};
		D8340F16180D4955004B6679 /* Resources */ = {
			isa = PBXResourcesBuildPhase;
			buildActionMask = 2147483647;
			files = (
				D8340F24180D4955004B6679 /* InfoPlist.strings in Resources */,
			);
			runOnlyForDeploymentPostprocessing = 0;
		};
/* End PBXResourcesBuildPhase section */

/* Begin PBXSourcesBuildPhase section */
		D8340EF3180D4955004B6679 /* Sources */ = {
			isa = PBXSourcesBuildPhase;
			buildActionMask = 2147483647;
			files = (
				6877AD0C182C1809003E828C /* NSString+stringFromTimeInterval.m in Sources */,
				6817CC0F18461F8E00849768 /* ZombieAIRun.m in Sources */,
				6877AD06182C0F5F003E828C /* ZombieAIRoam.m in Sources */,
				6817CBFD18422A9E00849768 /* GridMap.m in Sources */,
				D884F3E9180D533500DC077A /* User.m in Sources */,
				D88DF1571844D2E000F711C4 /* Strategy.m in Sources */,
				68926BBF1827B3BF00571313 /* Zombie.m in Sources */,
				D8A9C442181017F10056698F /* StatsViewController.m in Sources */,
				68926BBC1827ADAF00571313 /* EngineTimer.m in Sources */,
				6817CC0C1844E38000849768 /* ZombieAIIdle.m in Sources */,
				D849E3EC1857CA52003C4377 /* Los.m in Sources */,
				6817CC12184623DC00849768 /* ZombieAISprint.m in Sources */,
				D884F3E3180D4ABC00DC077A /* MapViewController.m in Sources */,
				6877AD0F182C6901003E828C /* MathUtilities.m in Sources */,
				D884F3EC180D537700DC077A /* GameController.m in Sources */,
				6817CC0018422F6A00849768 /* GridCell.m in Sources */,
				D8340F0B180D4955004B6679 /* AppDelegate.m in Sources */,
				6817CC071842A35E00849768 /* PathfindingSystem.m in Sources */,
				D8340F07180D4955004B6679 /* main.m in Sources */,
			);
			runOnlyForDeploymentPostprocessing = 0;
		};
		D8340F14180D4955004B6679 /* Sources */ = {
			isa = PBXSourcesBuildPhase;
			buildActionMask = 2147483647;
			files = (
				D88DF1591844D61000F711C4 /* Strategy_Test.m in Sources */,
				6817CC021842882600849768 /* GridMapTests.m in Sources */,
				6817CC041842890A00849768 /* GridCellTests.m in Sources */,
				D8340F26180D4955004B6679 /* Zombie_AppTests.m in Sources */,
				6817CC091842B2AB00849768 /* PathfindingSystemTests.m in Sources */,
			);
			runOnlyForDeploymentPostprocessing = 0;
		};
/* End PBXSourcesBuildPhase section */

/* Begin PBXTargetDependency section */
		D8340F1E180D4955004B6679 /* PBXTargetDependency */ = {
			isa = PBXTargetDependency;
			target = D8340EF6180D4955004B6679 /* Zombie App */;
			targetProxy = D8340F1D180D4955004B6679 /* PBXContainerItemProxy */;
		};
/* End PBXTargetDependency section */

/* Begin PBXVariantGroup section */
		D8340F03180D4955004B6679 /* InfoPlist.strings */ = {
			isa = PBXVariantGroup;
			children = (
				D8340F04180D4955004B6679 /* en */,
			);
			name = InfoPlist.strings;
			sourceTree = "<group>";
		};
		D8340F0C180D4955004B6679 /* Main.storyboard */ = {
			isa = PBXVariantGroup;
			children = (
				D8340F0D180D4955004B6679 /* Base */,
			);
			name = Main.storyboard;
			sourceTree = "<group>";
		};
		D8340F22180D4955004B6679 /* InfoPlist.strings */ = {
			isa = PBXVariantGroup;
			children = (
				D8340F23180D4955004B6679 /* en */,
			);
			name = InfoPlist.strings;
			sourceTree = "<group>";
		};
/* End PBXVariantGroup section */

/* Begin XCBuildConfiguration section */
		D8340F27180D4955004B6679 /* Debug */ = {
			isa = XCBuildConfiguration;
			buildSettings = {
				ALWAYS_SEARCH_USER_PATHS = NO;
				ARCHS = "$(ARCHS_STANDARD_INCLUDING_64_BIT)";
				CLANG_CXX_LANGUAGE_STANDARD = "gnu++0x";
				CLANG_CXX_LIBRARY = "libc++";
				CLANG_ENABLE_MODULES = YES;
				CLANG_ENABLE_OBJC_ARC = YES;
				CLANG_WARN_BOOL_CONVERSION = YES;
				CLANG_WARN_CONSTANT_CONVERSION = YES;
				CLANG_WARN_DIRECT_OBJC_ISA_USAGE = YES_ERROR;
				CLANG_WARN_EMPTY_BODY = YES;
				CLANG_WARN_ENUM_CONVERSION = YES;
				CLANG_WARN_INT_CONVERSION = YES;
				CLANG_WARN_OBJC_ROOT_CLASS = YES_ERROR;
				CLANG_WARN__DUPLICATE_METHOD_MATCH = YES;
				"CODE_SIGN_IDENTITY[sdk=iphoneos*]" = "iPhone Developer";
				COPY_PHASE_STRIP = NO;
				GCC_C_LANGUAGE_STANDARD = gnu99;
				GCC_DYNAMIC_NO_PIC = NO;
				GCC_OPTIMIZATION_LEVEL = 0;
				GCC_PREPROCESSOR_DEFINITIONS = (
					"DEBUG=1",
					"$(inherited)",
				);
				GCC_SYMBOLS_PRIVATE_EXTERN = NO;
				GCC_WARN_64_TO_32_BIT_CONVERSION = YES;
				GCC_WARN_ABOUT_RETURN_TYPE = YES_ERROR;
				GCC_WARN_UNDECLARED_SELECTOR = YES;
				GCC_WARN_UNINITIALIZED_AUTOS = YES;
				GCC_WARN_UNUSED_FUNCTION = YES;
				GCC_WARN_UNUSED_VARIABLE = YES;
				IPHONEOS_DEPLOYMENT_TARGET = 7.0;
				ONLY_ACTIVE_ARCH = YES;
				SDKROOT = iphoneos;
			};
			name = Debug;
		};
		D8340F28180D4955004B6679 /* Release */ = {
			isa = XCBuildConfiguration;
			buildSettings = {
				ALWAYS_SEARCH_USER_PATHS = NO;
				ARCHS = "$(ARCHS_STANDARD_INCLUDING_64_BIT)";
				CLANG_CXX_LANGUAGE_STANDARD = "gnu++0x";
				CLANG_CXX_LIBRARY = "libc++";
				CLANG_ENABLE_MODULES = YES;
				CLANG_ENABLE_OBJC_ARC = YES;
				CLANG_WARN_BOOL_CONVERSION = YES;
				CLANG_WARN_CONSTANT_CONVERSION = YES;
				CLANG_WARN_DIRECT_OBJC_ISA_USAGE = YES_ERROR;
				CLANG_WARN_EMPTY_BODY = YES;
				CLANG_WARN_ENUM_CONVERSION = YES;
				CLANG_WARN_INT_CONVERSION = YES;
				CLANG_WARN_OBJC_ROOT_CLASS = YES_ERROR;
				CLANG_WARN__DUPLICATE_METHOD_MATCH = YES;
				"CODE_SIGN_IDENTITY[sdk=iphoneos*]" = "iPhone Developer";
				COPY_PHASE_STRIP = YES;
				ENABLE_NS_ASSERTIONS = NO;
				GCC_C_LANGUAGE_STANDARD = gnu99;
				GCC_WARN_64_TO_32_BIT_CONVERSION = YES;
				GCC_WARN_ABOUT_RETURN_TYPE = YES_ERROR;
				GCC_WARN_UNDECLARED_SELECTOR = YES;
				GCC_WARN_UNINITIALIZED_AUTOS = YES;
				GCC_WARN_UNUSED_FUNCTION = YES;
				GCC_WARN_UNUSED_VARIABLE = YES;
				IPHONEOS_DEPLOYMENT_TARGET = 7.0;
				SDKROOT = iphoneos;
				VALIDATE_PRODUCT = YES;
			};
			name = Release;
		};
		D8340F2A180D4955004B6679 /* Debug */ = {
			isa = XCBuildConfiguration;
			buildSettings = {
				ASSETCATALOG_COMPILER_APPICON_NAME = AppIcon;
				ASSETCATALOG_COMPILER_LAUNCHIMAGE_NAME = LaunchImage;
				GCC_PRECOMPILE_PREFIX_HEADER = YES;
				GCC_PREFIX_HEADER = "Zombie App/Zombie App-Prefix.pch";
				INFOPLIST_FILE = "Zombie App/Zombie App-Info.plist";
				PRODUCT_NAME = "$(TARGET_NAME)";
				WRAPPER_EXTENSION = app;
			};
			name = Debug;
		};
		D8340F2B180D4955004B6679 /* Release */ = {
			isa = XCBuildConfiguration;
			buildSettings = {
				ASSETCATALOG_COMPILER_APPICON_NAME = AppIcon;
				ASSETCATALOG_COMPILER_LAUNCHIMAGE_NAME = LaunchImage;
				GCC_PRECOMPILE_PREFIX_HEADER = YES;
				GCC_PREFIX_HEADER = "Zombie App/Zombie App-Prefix.pch";
				INFOPLIST_FILE = "Zombie App/Zombie App-Info.plist";
				PRODUCT_NAME = "$(TARGET_NAME)";
				WRAPPER_EXTENSION = app;
			};
			name = Release;
		};
		D8340F2D180D4955004B6679 /* Debug */ = {
			isa = XCBuildConfiguration;
			buildSettings = {
				ARCHS = "$(ARCHS_STANDARD_INCLUDING_64_BIT)";
				BUNDLE_LOADER = "$(BUILT_PRODUCTS_DIR)/Zombie App.app/Zombie App";
				FRAMEWORK_SEARCH_PATHS = (
					"$(SDKROOT)/Developer/Library/Frameworks",
					"$(inherited)",
					"$(DEVELOPER_FRAMEWORKS_DIR)",
				);
				GCC_PRECOMPILE_PREFIX_HEADER = YES;
				GCC_PREFIX_HEADER = "Zombie App/Zombie App-Prefix.pch";
				GCC_PREPROCESSOR_DEFINITIONS = (
					"DEBUG=1",
					"$(inherited)",
				);
				INFOPLIST_FILE = "Zombie AppTests/Zombie AppTests-Info.plist";
				PRODUCT_NAME = "$(TARGET_NAME)";
				TEST_HOST = "$(BUNDLE_LOADER)";
				WRAPPER_EXTENSION = xctest;
			};
			name = Debug;
		};
		D8340F2E180D4955004B6679 /* Release */ = {
			isa = XCBuildConfiguration;
			buildSettings = {
				ARCHS = "$(ARCHS_STANDARD_INCLUDING_64_BIT)";
				BUNDLE_LOADER = "$(BUILT_PRODUCTS_DIR)/Zombie App.app/Zombie App";
				FRAMEWORK_SEARCH_PATHS = (
					"$(SDKROOT)/Developer/Library/Frameworks",
					"$(inherited)",
					"$(DEVELOPER_FRAMEWORKS_DIR)",
				);
				GCC_PRECOMPILE_PREFIX_HEADER = YES;
				GCC_PREFIX_HEADER = "Zombie App/Zombie App-Prefix.pch";
				INFOPLIST_FILE = "Zombie AppTests/Zombie AppTests-Info.plist";
				PRODUCT_NAME = "$(TARGET_NAME)";
				TEST_HOST = "$(BUNDLE_LOADER)";
				WRAPPER_EXTENSION = xctest;
			};
			name = Release;
		};
/* End XCBuildConfiguration section */

/* Begin XCConfigurationList section */
		D8340EF2180D4955004B6679 /* Build configuration list for PBXProject "Zombie App" */ = {
			isa = XCConfigurationList;
			buildConfigurations = (
				D8340F27180D4955004B6679 /* Debug */,
				D8340F28180D4955004B6679 /* Release */,
			);
			defaultConfigurationIsVisible = 0;
			defaultConfigurationName = Release;
		};
		D8340F29180D4955004B6679 /* Build configuration list for PBXNativeTarget "Zombie App" */ = {
			isa = XCConfigurationList;
			buildConfigurations = (
				D8340F2A180D4955004B6679 /* Debug */,
				D8340F2B180D4955004B6679 /* Release */,
			);
			defaultConfigurationIsVisible = 0;
			defaultConfigurationName = Release;
		};
		D8340F2C180D4955004B6679 /* Build configuration list for PBXNativeTarget "Zombie AppTests" */ = {
			isa = XCConfigurationList;
			buildConfigurations = (
				D8340F2D180D4955004B6679 /* Debug */,
				D8340F2E180D4955004B6679 /* Release */,
			);
			defaultConfigurationIsVisible = 0;
			defaultConfigurationName = Release;
		};
/* End XCConfigurationList section */
	};
	rootObject = D8340EEF180D4955004B6679 /* Project object */;
}
